
Microsoft Visual Studio Solution File, Format Version 12.00
# Visual Studio Version 16
VisualStudioVersion = 16.0.30611.23
MinimumVisualStudioVersion = 10.0.40219.1
Project("{FAE04EC0-301F-11D3-BF4B-00C04F79EFBC}") = "SVSur.Models", "SVSur.Models\SVSur.Models.csproj", "{1ACA3E34-47C4-43BE-8A67-7617D2BCD6CC}"
EndProject
Project("{FAE04EC0-301F-11D3-BF4B-00C04F79EFBC}") = "SVSur.Manager", "SVSur.Manager\SVSur.Manager.csproj", "{EC915E72-AA46-4F20-A000-6A0F69CDFD0F}"
EndProject
Project("{FAE04EC0-301F-11D3-BF4B-00C04F79EFBC}") = "SVSur.UI", "SVSur.UI\SVSur.UI.csproj", "{B46453EF-5F4E-45B1-A91F-5ED4DE2EB7A7}"
EndProject
Global
	GlobalSection(SolutionConfigurationPlatforms) = preSolution
		Debug|Any CPU = Debug|Any CPU
		Release|Any CPU = Release|Any CPU
	EndGlobalSection
	GlobalSection(ProjectConfigurationPlatforms) = postSolution
		{1ACA3E34-47C4-43BE-8A67-7617D2BCD6CC}.Debug|Any CPU.ActiveCfg = Debug|Any CPU
		{1ACA3E34-47C4-43BE-8A67-7617D2BCD6CC}.Debug|Any CPU.Build.0 = Debug|Any CPU
		{1ACA3E34-47C4-43BE-8A67-7617D2BCD6CC}.Release|Any CPU.ActiveCfg = Release|Any CPU
		{1ACA3E34-47C4-43BE-8A67-7617D2BCD6CC}.Release|Any CPU.Build.0 = Release|Any CPU
		{EC915E72-AA46-4F20-A000-6A0F69CDFD0F}.Debug|Any CPU.ActiveCfg = Debug|Any CPU
		{EC915E72-AA46-4F20-A000-6A0F69CDFD0F}.Debug|Any CPU.Build.0 = Debug|Any CPU
		{EC915E72-AA46-4F20-A000-6A0F69CDFD0F}.Release|Any CPU.ActiveCfg = Release|Any CPU
		{EC915E72-AA46-4F20-A000-6A0F69CDFD0F}.Release|Any CPU.Build.0 = Release|Any CPU
		{B46453EF-5F4E-45B1-A91F-5ED4DE2EB7A7}.Debug|Any CPU.ActiveCfg = Debug|Any CPU
		{B46453EF-5F4E-45B1-A91F-5ED4DE2EB7A7}.Debug|Any CPU.Build.0 = Debug|Any CPU
		{B46453EF-5F4E-45B1-A91F-5ED4DE2EB7A7}.Release|Any CPU.ActiveCfg = Release|Any CPU
		{B46453EF-5F4E-45B1-A91F-5ED4DE2EB7A7}.Release|Any CPU.Build.0 = Release|Any CPU
	EndGlobalSection
	GlobalSection(SolutionProperties) = preSolution
		HideSolutionNode = FALSE
	EndGlobalSection
	GlobalSection(ExtensibilityGlobals) = postSolution
		SolutionGuid = {9CA44ABB-34D3-4C6C-A0C6-D2985E2E8B75}
	EndGlobalSection
EndGlobal
